
Microsoft Visual Studio Solution File, Format Version 12.00
# Visual Studio Version 17
VisualStudioVersion = 17.4.33122.133
MinimumVisualStudioVersion = 10.0.40219.1
Project("{2150E333-8FDC-42A3-9474-1A3956D46DE8}") = "Systems", "Systems", "{C9468415-F319-4195-9881-EFFD93C2CA55}"
EndProject
Project("{2150E333-8FDC-42A3-9474-1A3956D46DE8}") = "Api", "Api", "{425B5FD8-3A7B-47BC-B820-EF6B6039E395}"
EndProject
Project("{FAE04EC0-301F-11D3-BF4B-00C04F79EFBC}") = "BISolutionsProject.Api", "BISolutionsProject\Systems\Api\BISolutionsProject.Api\BISolutionsProject.Api.csproj", "{6ACD038A-1FFC-4308-8589-CE2B6DD201E9}"
EndProject
Project("{2150E333-8FDC-42A3-9474-1A3956D46DE8}") = "Services", "Services", "{4A51AEB7-8280-4C55-939D-66A8321FADD5}"
EndProject
Project("{FAE04EC0-301F-11D3-BF4B-00C04F79EFBC}") = "BISolutionsProject.Services.Settings", "BISolutionsProject\Services\BISolutionsProject.Services.Settings\BISolutionsProject.Services.Settings.csproj", "{2AB2D502-DD4F-4BC3-BF05-BC320769D147}"
EndProject
Project("{2150E333-8FDC-42A3-9474-1A3956D46DE8}") = "Shared", "Shared", "{8B84C5B2-DBBA-4FB5-A43C-152D3D423EDF}"
EndProject
Project("{FAE04EC0-301F-11D3-BF4B-00C04F79EFBC}") = "BISolutionsProject.Settings", "BISolutionsProject\Shared\BISolutions.Settings\BISolutionsProject.Settings.csproj", "{05EC8AB0-E6BD-4D42-8203-BBE817C88B01}"
EndProject
Project("{FAE04EC0-301F-11D3-BF4B-00C04F79EFBC}") = "BISolutionsProject.Shared.Common", "BISolutionsProject\Shared\BISolutionsProject.Shared.Common\BISolutionsProject.Shared.Common.csproj", "{95F767A8-DFE4-48B2-B2AE-3C91DB215837}"
EndProject
Global
	GlobalSection(SolutionConfigurationPlatforms) = preSolution
		Debug|Any CPU = Debug|Any CPU
		Release|Any CPU = Release|Any CPU
	EndGlobalSection
	GlobalSection(ProjectConfigurationPlatforms) = postSolution
		{6ACD038A-1FFC-4308-8589-CE2B6DD201E9}.Debug|Any CPU.ActiveCfg = Debug|Any CPU
		{6ACD038A-1FFC-4308-8589-CE2B6DD201E9}.Debug|Any CPU.Build.0 = Debug|Any CPU
		{6ACD038A-1FFC-4308-8589-CE2B6DD201E9}.Release|Any CPU.ActiveCfg = Release|Any CPU
		{6ACD038A-1FFC-4308-8589-CE2B6DD201E9}.Release|Any CPU.Build.0 = Release|Any CPU
		{2AB2D502-DD4F-4BC3-BF05-BC320769D147}.Debug|Any CPU.ActiveCfg = Debug|Any CPU
		{2AB2D502-DD4F-4BC3-BF05-BC320769D147}.Debug|Any CPU.Build.0 = Debug|Any CPU
		{2AB2D502-DD4F-4BC3-BF05-BC320769D147}.Release|Any CPU.ActiveCfg = Release|Any CPU
		{2AB2D502-DD4F-4BC3-BF05-BC320769D147}.Release|Any CPU.Build.0 = Release|Any CPU
		{05EC8AB0-E6BD-4D42-8203-BBE817C88B01}.Debug|Any CPU.ActiveCfg = Debug|Any CPU
		{05EC8AB0-E6BD-4D42-8203-BBE817C88B01}.Debug|Any CPU.Build.0 = Debug|Any CPU
		{05EC8AB0-E6BD-4D42-8203-BBE817C88B01}.Release|Any CPU.ActiveCfg = Release|Any CPU
		{05EC8AB0-E6BD-4D42-8203-BBE817C88B01}.Release|Any CPU.Build.0 = Release|Any CPU
		{95F767A8-DFE4-48B2-B2AE-3C91DB215837}.Debug|Any CPU.ActiveCfg = Debug|Any CPU
		{95F767A8-DFE4-48B2-B2AE-3C91DB215837}.Debug|Any CPU.Build.0 = Debug|Any CPU
		{95F767A8-DFE4-48B2-B2AE-3C91DB215837}.Release|Any CPU.ActiveCfg = Release|Any CPU
		{95F767A8-DFE4-48B2-B2AE-3C91DB215837}.Release|Any CPU.Build.0 = Release|Any CPU
	EndGlobalSection
	GlobalSection(SolutionProperties) = preSolution
		HideSolutionNode = FALSE
	EndGlobalSection
	GlobalSection(NestedProjects) = preSolution
		{425B5FD8-3A7B-47BC-B820-EF6B6039E395} = {C9468415-F319-4195-9881-EFFD93C2CA55}
		{6ACD038A-1FFC-4308-8589-CE2B6DD201E9} = {425B5FD8-3A7B-47BC-B820-EF6B6039E395}
		{2AB2D502-DD4F-4BC3-BF05-BC320769D147} = {4A51AEB7-8280-4C55-939D-66A8321FADD5}
		{05EC8AB0-E6BD-4D42-8203-BBE817C88B01} = {8B84C5B2-DBBA-4FB5-A43C-152D3D423EDF}
		{95F767A8-DFE4-48B2-B2AE-3C91DB215837} = {8B84C5B2-DBBA-4FB5-A43C-152D3D423EDF}
	EndGlobalSection
	GlobalSection(ExtensibilityGlobals) = postSolution
		SolutionGuid = {675F770A-DA66-4E11-A2D8-E8986E940D70}
	EndGlobalSection
EndGlobal
